// !$*UTF8*$!
{
	archiveVersion = 1;
	classes = {
	};
	objectVersion = 48;
	objects = {

/* Begin PBXBuildFile section */
		F94398F1202941C700D3D0FA /* AppDelegate.m in Sources */ = {isa = PBXBuildFile; fileRef = F94398F0202941C700D3D0FA /* AppDelegate.m */; };
		F94398F4202941C700D3D0FA /* ViewController.m in Sources */ = {isa = PBXBuildFile; fileRef = F94398F3202941C700D3D0FA /* ViewController.m */; };
		F94398F7202941C700D3D0FA /* Main.storyboard in Resources */ = {isa = PBXBuildFile; fileRef = F94398F5202941C700D3D0FA /* Main.storyboard */; };
		F94398F9202941C700D3D0FA /* Assets.xcassets in Resources */ = {isa = PBXBuildFile; fileRef = F94398F8202941C700D3D0FA /* Assets.xcassets */; };
		F94398FC202941C700D3D0FA /* LaunchScreen.storyboard in Resources */ = {isa = PBXBuildFile; fileRef = F94398FA202941C700D3D0FA /* LaunchScreen.storyboard */; };
		F94398FF202941C700D3D0FA /* main.m in Sources */ = {isa = PBXBuildFile; fileRef = F94398FE202941C700D3D0FA /* main.m */; };
		F9439909202941C700D3D0FA /* LBSelectChannelViewTests.m in Sources */ = {isa = PBXBuildFile; fileRef = F9439908202941C700D3D0FA /* LBSelectChannelViewTests.m */; };
		F9439914202941C800D3D0FA /* LBSelectChannelViewUITests.m in Sources */ = {isa = PBXBuildFile; fileRef = F9439913202941C800D3D0FA /* LBSelectChannelViewUITests.m */; };
/* End PBXBuildFile section */

/* Begin PBXContainerItemProxy section */
		F9439905202941C700D3D0FA /* PBXContainerItemProxy */ = {
			isa = PBXContainerItemProxy;
			containerPortal = F94398E4202941C700D3D0FA /* Project object */;
			proxyType = 1;
			remoteGlobalIDString = F94398EB202941C700D3D0FA;
			remoteInfo = LBSelectChannelView;
		};
		F9439910202941C800D3D0FA /* PBXContainerItemProxy */ = {
			isa = PBXContainerItemProxy;
			containerPortal = F94398E4202941C700D3D0FA /* Project object */;
			proxyType = 1;
			remoteGlobalIDString = F94398EB202941C700D3D0FA;
			remoteInfo = LBSelectChannelView;
		};
/* End PBXContainerItemProxy section */

/* Begin PBXFileReference section */
		F94398EC202941C700D3D0FA /* LBSelectChannelView.app */ = {isa = PBXFileReference; explicitFileType = wrapper.application; includeInIndex = 0; path = LBSelectChannelView.app; sourceTree = BUILT_PRODUCTS_DIR; };
		F94398EF202941C700D3D0FA /* AppDelegate.h */ = {isa = PBXFileReference; lastKnownFileType = sourcecode.c.h; path = AppDelegate.h; sourceTree = "<group>"; };
		F94398F0202941C700D3D0FA /* AppDelegate.m */ = {isa = PBXFileReference; lastKnownFileType = sourcecode.c.objc; path = AppDelegate.m; sourceTree = "<group>"; };
		F94398F2202941C700D3D0FA /* ViewController.h */ = {isa = PBXFileReference; lastKnownFileType = sourcecode.c.h; path = ViewController.h; sourceTree = "<group>"; };
		F94398F3202941C700D3D0FA /* ViewController.m */ = {isa = PBXFileReference; lastKnownFileType = sourcecode.c.objc; path = ViewController.m; sourceTree = "<group>"; };
		F94398F6202941C700D3D0FA /* Base */ = {isa = PBXFileReference; lastKnownFileType = file.storyboard; name = Base; path = Base.lproj/Main.storyboard; sourceTree = "<group>"; };
		F94398F8202941C700D3D0FA /* Assets.xcassets */ = {isa = PBXFileReference; lastKnownFileType = folder.assetcatalog; path = Assets.xcassets; sourceTree = "<group>"; };
		F94398FB202941C700D3D0FA /* Base */ = {isa = PBXFileReference; lastKnownFileType = file.storyboard; name = Base; path = Base.lproj/LaunchScreen.storyboard; sourceTree = "<group>"; };
		F94398FD202941C700D3D0FA /* Info.plist */ = {isa = PBXFileReference; lastKnownFileType = text.plist.xml; path = Info.plist; sourceTree = "<group>"; };
		F94398FE202941C700D3D0FA /* main.m */ = {isa = PBXFileReference; lastKnownFileType = sourcecode.c.objc; path = main.m; sourceTree = "<group>"; };
		F9439904202941C700D3D0FA /* LBSelectChannelViewTests.xctest */ = {isa = PBXFileReference; explicitFileType = wrapper.cfbundle; includeInIndex = 0; path = LBSelectChannelViewTests.xctest; sourceTree = BUILT_PRODUCTS_DIR; };
		F9439908202941C700D3D0FA /* LBSelectChannelViewTests.m */ = {isa = PBXFileReference; lastKnownFileType = sourcecode.c.objc; path = LBSelectChannelViewTests.m; sourceTree = "<group>"; };
		F943990A202941C700D3D0FA /* Info.plist */ = {isa = PBXFileReference; lastKnownFileType = text.plist.xml; path = Info.plist; sourceTree = "<group>"; };
		F943990F202941C800D3D0FA /* LBSelectChannelViewUITests.xctest */ = {isa = PBXFileReference; explicitFileType = wrapper.cfbundle; includeInIndex = 0; path = LBSelectChannelViewUITests.xctest; sourceTree = BUILT_PRODUCTS_DIR; };
		F9439913202941C800D3D0FA /* LBSelectChannelViewUITests.m */ = {isa = PBXFileReference; lastKnownFileType = sourcecode.c.objc; path = LBSelectChannelViewUITests.m; sourceTree = "<group>"; };
		F9439915202941C800D3D0FA /* Info.plist */ = {isa = PBXFileReference; lastKnownFileType = text.plist.xml; path = Info.plist; sourceTree = "<group>"; };
/* End PBXFileReference section */

/* Begin PBXFrameworksBuildPhase section */
		F94398E9202941C700D3D0FA /* Frameworks */ = {
			isa = PBXFrameworksBuildPhase;
			buildActionMask = 2147483647;
			files = (
			);
			runOnlyForDeploymentPostprocessing = 0;
		};
		F9439901202941C700D3D0FA /* Frameworks */ = {
			isa = PBXFrameworksBuildPhase;
			buildActionMask = 2147483647;
			files = (
			);
			runOnlyForDeploymentPostprocessing = 0;
		};
		F943990C202941C800D3D0FA /* Frameworks */ = {
			isa = PBXFrameworksBuildPhase;
			buildActionMask = 2147483647;
			files = (
			);
			runOnlyForDeploymentPostprocessing = 0;
		};
/* End PBXFrameworksBuildPhase section */

/* Begin PBXGroup section */
		F94398E3202941C700D3D0FA = {
			isa = PBXGroup;
			children = (
				F94398EE202941C700D3D0FA /* LBSelectChannelView */,
				F9439907202941C700D3D0FA /* LBSelectChannelViewTests */,
				F9439912202941C800D3D0FA /* LBSelectChannelViewUITests */,
				F94398ED202941C700D3D0FA /* Products */,
			);
			sourceTree = "<group>";
		};
		F94398ED202941C700D3D0FA /* Products */ = {
			isa = PBXGroup;
			children = (
				F94398EC202941C700D3D0FA /* LBSelectChannelView.app */,
				F9439904202941C700D3D0FA /* LBSelectChannelViewTests.xctest */,
				F943990F202941C800D3D0FA /* LBSelectChannelViewUITests.xctest */,
			);
			name = Products;
			sourceTree = "<group>";
		};
		F94398EE202941C700D3D0FA /* LBSelectChannelView */ = {
			isa = PBXGroup;
			children = (
				F94398EF202941C700D3D0FA /* AppDelegate.h */,
				F94398F0202941C700D3D0FA /* AppDelegate.m */,
				F94398F2202941C700D3D0FA /* ViewController.h */,
				F94398F3202941C700D3D0FA /* ViewController.m */,
				F94398F5202941C700D3D0FA /* Main.storyboard */,
				F94398F8202941C700D3D0FA /* Assets.xcassets */,
				F94398FA202941C700D3D0FA /* LaunchScreen.storyboard */,
				F94398FD202941C700D3D0FA /* Info.plist */,
				F94398FE202941C700D3D0FA /* main.m */,
			);
			path = LBSelectChannelView;
			sourceTree = "<group>";
		};
		F9439907202941C700D3D0FA /* LBSelectChannelViewTests */ = {
			isa = PBXGroup;
			children = (
				F9439908202941C700D3D0FA /* LBSelectChannelViewTests.m */,
				F943990A202941C700D3D0FA /* Info.plist */,
			);
			path = LBSelectChannelViewTests;
			sourceTree = "<group>";
		};
		F9439912202941C800D3D0FA /* LBSelectChannelViewUITests */ = {
			isa = PBXGroup;
			children = (
				F9439913202941C800D3D0FA /* LBSelectChannelViewUITests.m */,
				F9439915202941C800D3D0FA /* Info.plist */,
			);
			path = LBSelectChannelViewUITests;
			sourceTree = "<group>";
		};
/* End PBXGroup section */

/* Begin PBXNativeTarget section */
		F94398EB202941C700D3D0FA /* LBSelectChannelView */ = {
			isa = PBXNativeTarget;
			buildConfigurationList = F9439918202941C800D3D0FA /* Build configuration list for PBXNativeTarget "LBSelectChannelView" */;
			buildPhases = (
				F94398E8202941C700D3D0FA /* Sources */,
				F94398E9202941C700D3D0FA /* Frameworks */,
				F94398EA202941C700D3D0FA /* Resources */,
			);
			buildRules = (
			);
			dependencies = (
			);
			name = LBSelectChannelView;
			productName = LBSelectChannelView;
			productReference = F94398EC202941C700D3D0FA /* LBSelectChannelView.app */;
			productType = "com.apple.product-type.application";
		};
		F9439903202941C700D3D0FA /* LBSelectChannelViewTests */ = {
			isa = PBXNativeTarget;
			buildConfigurationList = F943991B202941C800D3D0FA /* Build configuration list for PBXNativeTarget "LBSelectChannelViewTests" */;
			buildPhases = (
				F9439900202941C700D3D0FA /* Sources */,
				F9439901202941C700D3D0FA /* Frameworks */,
				F9439902202941C700D3D0FA /* Resources */,
			);
			buildRules = (
			);
			dependencies = (
				F9439906202941C700D3D0FA /* PBXTargetDependency */,
			);
			name = LBSelectChannelViewTests;
			productName = LBSelectChannelViewTests;
			productReference = F9439904202941C700D3D0FA /* LBSelectChannelViewTests.xctest */;
			productType = "com.apple.product-type.bundle.unit-test";
		};
		F943990E202941C800D3D0FA /* LBSelectChannelViewUITests */ = {
			isa = PBXNativeTarget;
			buildConfigurationList = F943991E202941C800D3D0FA /* Build configuration list for PBXNativeTarget "LBSelectChannelViewUITests" */;
			buildPhases = (
				F943990B202941C800D3D0FA /* Sources */,
				F943990C202941C800D3D0FA /* Frameworks */,
				F943990D202941C800D3D0FA /* Resources */,
			);
			buildRules = (
			);
			dependencies = (
				F9439911202941C800D3D0FA /* PBXTargetDependency */,
			);
			name = LBSelectChannelViewUITests;
			productName = LBSelectChannelViewUITests;
			productReference = F943990F202941C800D3D0FA /* LBSelectChannelViewUITests.xctest */;
			productType = "com.apple.product-type.bundle.ui-testing";
		};
/* End PBXNativeTarget section */

/* Begin PBXProject section */
		F94398E4202941C700D3D0FA /* Project object */ = {
			isa = PBXProject;
			attributes = {
				LastUpgradeCheck = 0920;
				ORGANIZATIONNAME = "梁冰";
				TargetAttributes = {
					F94398EB202941C700D3D0FA = {
						CreatedOnToolsVersion = 9.2;
						ProvisioningStyle = Automatic;
					};
					F9439903202941C700D3D0FA = {
						CreatedOnToolsVersion = 9.2;
						ProvisioningStyle = Automatic;
						TestTargetID = F94398EB202941C700D3D0FA;
					};
					F943990E202941C800D3D0FA = {
						CreatedOnToolsVersion = 9.2;
						ProvisioningStyle = Automatic;
						TestTargetID = F94398EB202941C700D3D0FA;
					};
				};
			};
			buildConfigurationList = F94398E7202941C700D3D0FA /* Build configuration list for PBXProject "LBSelectChannelView" */;
			compatibilityVersion = "Xcode 8.0";
			developmentRegion = en;
			hasScannedForEncodings = 0;
			knownRegions = (
				en,
				Base,
			);
			mainGroup = F94398E3202941C700D3D0FA;
			productRefGroup = F94398ED202941C700D3D0FA /* Products */;
			projectDirPath = "";
			projectRoot = "";
			targets = (
				F94398EB202941C700D3D0FA /* LBSelectChannelView */,
				F9439903202941C700D3D0FA /* LBSelectChannelViewTests */,
				F943990E202941C800D3D0FA /* LBSelectChannelViewUITests */,
			);
		};
/* End PBXProject section */

/* Begin PBXResourcesBuildPhase section */
		F94398EA202941C700D3D0FA /* Resources */ = {
			isa = PBXResourcesBuildPhase;
			buildActionMask = 2147483647;
			files = (
				F94398FC202941C700D3D0FA /* LaunchScreen.storyboard in Resources */,
				F94398F9202941C700D3D0FA /* Assets.xcassets in Resources */,
				F94398F7202941C700D3D0FA /* Main.storyboard in Resources */,
			);
			runOnlyForDeploymentPostprocessing = 0;
		};
		F9439902202941C700D3D0FA /* Resources */ = {
			isa = PBXResourcesBuildPhase;
			buildActionMask = 2147483647;
			files = (
			);
			runOnlyForDeploymentPostprocessing = 0;
		};
		F943990D202941C800D3D0FA /* Resources */ = {
			isa = PBXResourcesBuildPhase;
			buildActionMask = 2147483647;
			files = (
			);
			runOnlyForDeploymentPostprocessing = 0;
		};
/* End PBXResourcesBuildPhase section */

/* Begin PBXSourcesBuildPhase section */
		F94398E8202941C700D3D0FA /* Sources */ = {
			isa = PBXSourcesBuildPhase;
			buildActionMask = 2147483647;
			files = (
				F94398F4202941C700D3D0FA /* ViewController.m in Sources */,
				F94398FF202941C700D3D0FA /* main.m in Sources */,
				F94398F1202941C700D3D0FA /* AppDelegate.m in Sources */,
			);
			runOnlyForDeploymentPostprocessing = 0;
		};
		F9439900202941C700D3D0FA /* Sources */ = {
			isa = PBXSourcesBuildPhase;
			buildActionMask = 2147483647;
			files = (
				F9439909202941C700D3D0FA /* LBSelectChannelViewTests.m in Sources */,
			);
			runOnlyForDeploymentPostprocessing = 0;
		};
		F943990B202941C800D3D0FA /* Sources */ = {
			isa = PBXSourcesBuildPhase;
			buildActionMask = 2147483647;
			files = (
				F9439914202941C800D3D0FA /* LBSelectChannelViewUITests.m in Sources */,
			);
			runOnlyForDeploymentPostprocessing = 0;
		};
/* End PBXSourcesBuildPhase section */

/* Begin PBXTargetDependency section */
		F9439906202941C700D3D0FA /* PBXTargetDependency */ = {
			isa = PBXTargetDependency;
			target = F94398EB202941C700D3D0FA /* LBSelectChannelView */;
			targetProxy = F9439905202941C700D3D0FA /* PBXContainerItemProxy */;
		};
		F9439911202941C800D3D0FA /* PBXTargetDependency */ = {
			isa = PBXTargetDependency;
			target = F94398EB202941C700D3D0FA /* LBSelectChannelView */;
			targetProxy = F9439910202941C800D3D0FA /* PBXContainerItemProxy */;
		};
/* End PBXTargetDependency section */

/* Begin PBXVariantGroup section */
		F94398F5202941C700D3D0FA /* Main.storyboard */ = {
			isa = PBXVariantGroup;
			children = (
				F94398F6202941C700D3D0FA /* Base */,
			);
			name = Main.storyboard;
			sourceTree = "<group>";
		};
		F94398FA202941C700D3D0FA /* LaunchScreen.storyboard */ = {
			isa = PBXVariantGroup;
			children = (
				F94398FB202941C700D3D0FA /* Base */,
			);
			name = LaunchScreen.storyboard;
			sourceTree = "<group>";
		};
/* End PBXVariantGroup section */

/* Begin XCBuildConfiguration section */
		F9439916202941C800D3D0FA /* Debug */ = {
			isa = XCBuildConfiguration;
			buildSettings = {
				ALWAYS_SEARCH_USER_PATHS = NO;
				CLANG_ANALYZER_NONNULL = YES;
				CLANG_ANALYZER_NUMBER_OBJECT_CONVERSION = YES_AGGRESSIVE;
				CLANG_CXX_LANGUAGE_STANDARD = "gnu++14";
				CLANG_CXX_LIBRARY = "libc++";
				CLANG_ENABLE_MODULES = YES;
				CLANG_ENABLE_OBJC_ARC = YES;
				CLANG_WARN_BLOCK_CAPTURE_AUTORELEASING = YES;
				CLANG_WARN_BOOL_CONVERSION = YES;
				CLANG_WARN_COMMA = YES;
				CLANG_WARN_CONSTANT_CONVERSION = YES;
				CLANG_WARN_DIRECT_OBJC_ISA_USAGE = YES_ERROR;
				CLANG_WARN_DOCUMENTATION_COMMENTS = YES;
				CLANG_WARN_EMPTY_BODY = YES;
				CLANG_WARN_ENUM_CONVERSION = YES;
				CLANG_WARN_INFINITE_RECURSION = YES;
				CLANG_WARN_INT_CONVERSION = YES;
				CLANG_WARN_NON_LITERAL_NULL_CONVERSION = YES;
				CLANG_WARN_OBJC_LITERAL_CONVERSION = YES;
				CLANG_WARN_OBJC_ROOT_CLASS = YES_ERROR;
				CLANG_WARN_RANGE_LOOP_ANALYSIS = YES;
				CLANG_WARN_STRICT_PROTOTYPES = YES;
				CLANG_WARN_SUSPICIOUS_MOVE = YES;
				CLANG_WARN_UNGUARDED_AVAILABILITY = YES_AGGRESSIVE;
				CLANG_WARN_UNREACHABLE_CODE = YES;
				CLANG_WARN__DUPLICATE_METHOD_MATCH = YES;
				CODE_SIGN_IDENTITY = "iPhone Developer";
				COPY_PHASE_STRIP = NO;
				DEBUG_INFORMATION_FORMAT = dwarf;
				ENABLE_STRICT_OBJC_MSGSEND = YES;
				ENABLE_TESTABILITY = YES;
				GCC_C_LANGUAGE_STANDARD = gnu11;
				GCC_DYNAMIC_NO_PIC = NO;
				GCC_NO_COMMON_BLOCKS = YES;
				GCC_OPTIMIZATION_LEVEL = 0;
				GCC_PREPROCESSOR_DEFINITIONS = (
					"DEBUG=1",
					"$(inherited)",
				);
				GCC_WARN_64_TO_32_BIT_CONVERSION = YES;
				GCC_WARN_ABOUT_RETURN_TYPE = YES_ERROR;
				GCC_WARN_UNDECLARED_SELECTOR = YES;
				GCC_WARN_UNINITIALIZED_AUTOS = YES_AGGRESSIVE;
				GCC_WARN_UNUSED_FUNCTION = YES;
				GCC_WARN_UNUSED_VARIABLE = YES;
				IPHONEOS_DEPLOYMENT_TARGET = 11.2;
				MTL_ENABLE_DEBUG_INFO = YES;
				ONLY_ACTIVE_ARCH = YES;
				SDKROOT = iphoneos;
			};
			name = Debug;
		};
		F9439917202941C800D3D0FA /* Release */ = {
			isa = XCBuildConfiguration;
			buildSettings = {
				ALWAYS_SEARCH_USER_PATHS = NO;
				CLANG_ANALYZER_NONNULL = YES;
				CLANG_ANALYZER_NUMBER_OBJECT_CONVERSION = YES_AGGRESSIVE;
				CLANG_CXX_LANGUAGE_STANDARD = "gnu++14";
				CLANG_CXX_LIBRARY = "libc++";
				CLANG_ENABLE_MODULES = YES;
				CLANG_ENABLE_OBJC_ARC = YES;
				CLANG_WARN_BLOCK_CAPTURE_AUTORELEASING = YES;
				CLANG_WARN_BOOL_CONVERSION = YES;
				CLANG_WARN_COMMA = YES;
				CLANG_WARN_CONSTANT_CONVERSION = YES;
				CLANG_WARN_DIRECT_OBJC_ISA_USAGE = YES_ERROR;
				CLANG_WARN_DOCUMENTATION_COMMENTS = YES;
				CLANG_WARN_EMPTY_BODY = YES;
				CLANG_WARN_ENUM_CONVERSION = YES;
				CLANG_WARN_INFINITE_RECURSION = YES;
				CLANG_WARN_INT_CONVERSION = YES;
				CLANG_WARN_NON_LITERAL_NULL_CONVERSION = YES;
				CLANG_WARN_OBJC_LITERAL_CONVERSION = YES;
				CLANG_WARN_OBJC_ROOT_CLASS = YES_ERROR;
				CLANG_WARN_RANGE_LOOP_ANALYSIS = YES;
				CLANG_WARN_STRICT_PROTOTYPES = YES;
				CLANG_WARN_SUSPICIOUS_MOVE = YES;
				CLANG_WARN_UNGUARDED_AVAILABILITY = YES_AGGRESSIVE;
				CLANG_WARN_UNREACHABLE_CODE = YES;
				CLANG_WARN__DUPLICATE_METHOD_MATCH = YES;
				CODE_SIGN_IDENTITY = "iPhone Developer";
				COPY_PHASE_STRIP = NO;
				DEBUG_INFORMATION_FORMAT = "dwarf-with-dsym";
				ENABLE_NS_ASSERTIONS = NO;
				ENABLE_STRICT_OBJC_MSGSEND = YES;
				GCC_C_LANGUAGE_STANDARD = gnu11;
				GCC_NO_COMMON_BLOCKS = YES;
				GCC_WARN_64_TO_32_BIT_CONVERSION = YES;
				GCC_WARN_ABOUT_RETURN_TYPE = YES_ERROR;
				GCC_WARN_UNDECLARED_SELECTOR = YES;
				GCC_WARN_UNINITIALIZED_AUTOS = YES_AGGRESSIVE;
				GCC_WARN_UNUSED_FUNCTION = YES;
				GCC_WARN_UNUSED_VARIABLE = YES;
				IPHONEOS_DEPLOYMENT_TARGET = 11.2;
				MTL_ENABLE_DEBUG_INFO = NO;
				SDKROOT = iphoneos;
				VALIDATE_PRODUCT = YES;
			};
			name = Release;
		};
		F9439919202941C800D3D0FA /* Debug */ = {
			isa = XCBuildConfiguration;
			buildSettings = {
				ASSETCATALOG_COMPILER_APPICON_NAME = AppIcon;
				CODE_SIGN_STYLE = Automatic;
				INFOPLIST_FILE = LBSelectChannelView/Info.plist;
				LD_RUNPATH_SEARCH_PATHS = "$(inherited) @executable_path/Frameworks";
				PRODUCT_BUNDLE_IDENTIFIER = com.LB.LBSelectChannelView;
				PRODUCT_NAME = "$(TARGET_NAME)";
				TARGETED_DEVICE_FAMILY = "1,2";
			};
			name = Debug;
		};
		F943991A202941C800D3D0FA /* Release */ = {
			isa = XCBuildConfiguration;
			buildSettings = {
				ASSETCATALOG_COMPILER_APPICON_NAME = AppIcon;
				CODE_SIGN_STYLE = Automatic;
				INFOPLIST_FILE = LBSelectChannelView/Info.plist;
				LD_RUNPATH_SEARCH_PATHS = "$(inherited) @executable_path/Frameworks";
				PRODUCT_BUNDLE_IDENTIFIER = com.LB.LBSelectChannelView;
				PRODUCT_NAME = "$(TARGET_NAME)";
				TARGETED_DEVICE_FAMILY = "1,2";
			};
			name = Release;
		};
		F943991C202941C800D3D0FA /* Debug */ = {
			isa = XCBuildConfiguration;
			buildSettings = {
				BUNDLE_LOADER = "$(TEST_HOST)";
				CODE_SIGN_STYLE = Automatic;
				INFOPLIST_FILE = LBSelectChannelViewTests/Info.plist;
				LD_RUNPATH_SEARCH_PATHS = "$(inherited) @executable_path/Frameworks @loader_path/Frameworks";
				PRODUCT_BUNDLE_IDENTIFIER = com.LB.LBSelectChannelViewTests;
				PRODUCT_NAME = "$(TARGET_NAME)";
				TARGETED_DEVICE_FAMILY = "1,2";
				TEST_HOST = "$(BUILT_PRODUCTS_DIR)/LBSelectChannelView.app/LBSelectChannelView";
			};
			name = Debug;
		};
		F943991D202941C800D3D0FA /* Release */ = {
			isa = XCBuildConfiguration;
			buildSettings = {
				BUNDLE_LOADER = "$(TEST_HOST)";
				CODE_SIGN_STYLE = Automatic;
				INFOPLIST_FILE = LBSelectChannelViewTests/Info.plist;
				LD_RUNPATH_SEARCH_PATHS = "$(inherited) @executable_path/Frameworks @loader_path/Frameworks";
				PRODUCT_BUNDLE_IDENTIFIER = com.LB.LBSelectChannelViewTests;
				PRODUCT_NAME = "$(TARGET_NAME)";
				TARGETED_DEVICE_FAMILY = "1,2";
				TEST_HOST = "$(BUILT_PRODUCTS_DIR)/LBSelectChannelView.app/LBSelectChannelView";
			};
			name = Release;
		};
		F943991F202941C800D3D0FA /* Debug */ = {
			isa = XCBuildConfiguration;
			buildSettings = {
				CODE_SIGN_STYLE = Automatic;
				INFOPLIST_FILE = LBSelectChannelViewUITests/Info.plist;
				LD_RUNPATH_SEARCH_PATHS = "$(inherited) @executable_path/Frameworks @loader_path/Frameworks";
				PRODUCT_BUNDLE_IDENTIFIER = com.LB.LBSelectChannelViewUITests;
				PRODUCT_NAME = "$(TARGET_NAME)";
				TARGETED_DEVICE_FAMILY = "1,2";
				TEST_TARGET_NAME = LBSelectChannelView;
			};
			name = Debug;
		};
		F9439920202941C800D3D0FA /* Release */ = {
			isa = XCBuildConfiguration;
			buildSettings = {
				CODE_SIGN_STYLE = Automatic;
				INFOPLIST_FILE = LBSelectChannelViewUITests/Info.plist;
				LD_RUNPATH_SEARCH_PATHS = "$(inherited) @executable_path/Frameworks @loader_path/Frameworks";
				PRODUCT_BUNDLE_IDENTIFIER = com.LB.LBSelectChannelViewUITests;
				PRODUCT_NAME = "$(TARGET_NAME)";
				TARGETED_DEVICE_FAMILY = "1,2";
				TEST_TARGET_NAME = LBSelectChannelView;
			};
			name = Release;
		};
/* End XCBuildConfiguration section */

/* Begin XCConfigurationList section */
		F94398E7202941C700D3D0FA /* Build configuration list for PBXProject "LBSelectChannelView" */ = {
			isa = XCConfigurationList;
			buildConfigurations = (
				F9439916202941C800D3D0FA /* Debug */,
				F9439917202941C800D3D0FA /* Release */,
			);
			defaultConfigurationIsVisible = 0;
			defaultConfigurationName = Release;
		};
		F9439918202941C800D3D0FA /* Build configuration list for PBXNativeTarget "LBSelectChannelView" */ = {
			isa = XCConfigurationList;
			buildConfigurations = (
				F9439919202941C800D3D0FA /* Debug */,
				F943991A202941C800D3D0FA /* Release */,
			);
			defaultConfigurationIsVisible = 0;
			defaultConfigurationName = Release;
		};
		F943991B202941C800D3D0FA /* Build configuration list for PBXNativeTarget "LBSelectChannelViewTests" */ = {
			isa = XCConfigurationList;
			buildConfigurations = (
				F943991C202941C800D3D0FA /* Debug */,
				F943991D202941C800D3D0FA /* Release */,
			);
			defaultConfigurationIsVisible = 0;
			defaultConfigurationName = Release;
		};
		F943991E202941C800D3D0FA /* Build configuration list for PBXNativeTarget "LBSelectChannelViewUITests" */ = {
			isa = XCConfigurationList;
			buildConfigurations = (
				F943991F202941C800D3D0FA /* Debug */,
				F9439920202941C800D3D0FA /* Release */,
			);
			defaultConfigurationIsVisible = 0;
			defaultConfigurationName = Release;
		};
/* End XCConfigurationList section */
	};
	rootObject = F94398E4202941C700D3D0FA /* Project object */;
}
